
Microsoft Visual Studio Solution File, Format Version 12.00
# Visual Studio Version 16
VisualStudioVersion = 16.0.32228.343
MinimumVisualStudioVersion = 10.0.40219.1
Project("{FAE04EC0-301F-11D3-BF4B-00C04F79EFBC}") = "TicketAgency_Server", "TicketAgency_Server\TicketAgency_Server.csproj", "{AE2989A5-3B7A-4407-BCA2-DE3A04116E97}"
EndProject
Global
	GlobalSection(SolutionConfigurationPlatforms) = preSolution
		Debug|Any CPU = Debug|Any CPU
		Release|Any CPU = Release|Any CPU
	EndGlobalSection
	GlobalSection(ProjectConfigurationPlatforms) = postSolution
		{AE2989A5-3B7A-4407-BCA2-DE3A04116E97}.Debug|Any CPU.ActiveCfg = Debug|Any CPU
		{AE2989A5-3B7A-4407-BCA2-DE3A04116E97}.Debug|Any CPU.Build.0 = Debug|Any CPU
		{AE2989A5-3B7A-4407-BCA2-DE3A04116E97}.Release|Any CPU.ActiveCfg = Release|Any CPU
		{AE2989A5-3B7A-4407-BCA2-DE3A04116E97}.Release|Any CPU.Build.0 = Release|Any CPU
	EndGlobalSection
	GlobalSection(SolutionProperties) = preSolution
		HideSolutionNode = FALSE
	EndGlobalSection
	GlobalSection(ExtensibilityGlobals) = postSolution
		SolutionGuid = {53E88B5E-AB6F-4632-9FC2-539C6860986D}
	EndGlobalSection
EndGlobal
